
Microsoft Visual Studio Solution File, Format Version 12.00
# Visual Studio Version 16
VisualStudioVersion = 16.0.30204.135
MinimumVisualStudioVersion = 10.0.40219.1
Project("{FAE04EC0-301F-11D3-BF4B-00C04F79EFBC}") = "TableFindBackend", "TableFindBackend\TableFindBackend.csproj", "{B7C40302-2D49-49E4-BED1-32F87D0F8520}"
EndProject
Project("{FAE04EC0-301F-11D3-BF4B-00C04F79EFBC}") = "SharpUpdate", "SharpUpdate\SharpUpdate.csproj", "{3745AC4F-0BC5-4B87-9776-BD8679B1AD68}"
EndProject
Project("{2150E333-8FDC-42A3-9474-1A3956D46DE8}") = "Solution Items", "Solution Items", "{50DDD045-D455-4105-B8F9-0FC96256DBC7}"
	ProjectSection(SolutionItems) = preProject
		.editorconfig = .editorconfig
	EndProjectSection
EndProject
Global
	GlobalSection(SolutionConfigurationPlatforms) = preSolution
		Debug|Any CPU = Debug|Any CPU
		Release|Any CPU = Release|Any CPU
	EndGlobalSection
	GlobalSection(ProjectConfigurationPlatforms) = postSolution
		{B7C40302-2D49-49E4-BED1-32F87D0F8520}.Debug|Any CPU.ActiveCfg = Debug|Any CPU
		{B7C40302-2D49-49E4-BED1-32F87D0F8520}.Debug|Any CPU.Build.0 = Debug|Any CPU
		{B7C40302-2D49-49E4-BED1-32F87D0F8520}.Release|Any CPU.ActiveCfg = Release|Any CPU
		{B7C40302-2D49-49E4-BED1-32F87D0F8520}.Release|Any CPU.Build.0 = Release|Any CPU
		{3745AC4F-0BC5-4B87-9776-BD8679B1AD68}.Debug|Any CPU.ActiveCfg = Debug|Any CPU
		{3745AC4F-0BC5-4B87-9776-BD8679B1AD68}.Debug|Any CPU.Build.0 = Debug|Any CPU
		{3745AC4F-0BC5-4B87-9776-BD8679B1AD68}.Release|Any CPU.ActiveCfg = Release|Any CPU
		{3745AC4F-0BC5-4B87-9776-BD8679B1AD68}.Release|Any CPU.Build.0 = Release|Any CPU
	EndGlobalSection
	GlobalSection(SolutionProperties) = preSolution
		HideSolutionNode = FALSE
	EndGlobalSection
	GlobalSection(ExtensibilityGlobals) = postSolution
		SolutionGuid = {21D3188C-B70F-4258-833C-5CA29DEEF9DB}
	EndGlobalSection
EndGlobal
